
Microsoft Visual Studio Solution File, Format Version 12.00
# Visual Studio Version 16
VisualStudioVersion = 16.0.31613.86
MinimumVisualStudioVersion = 10.0.40219.1
Project("{FAE04EC0-301F-11D3-BF4B-00C04F79EFBC}") = "PracticeProject", "PracticeProject\PracticeProject.csproj", "{3AA31945-78DE-4413-9AC3-023A51B7D7C2}"
EndProject
Global
	GlobalSection(SolutionConfigurationPlatforms) = preSolution
		Debug|Any CPU = Debug|Any CPU
		Release|Any CPU = Release|Any CPU
	EndGlobalSection
	GlobalSection(ProjectConfigurationPlatforms) = postSolution
		{3AA31945-78DE-4413-9AC3-023A51B7D7C2}.Debug|Any CPU.ActiveCfg = Debug|Any CPU
		{3AA31945-78DE-4413-9AC3-023A51B7D7C2}.Debug|Any CPU.Build.0 = Debug|Any CPU
		{3AA31945-78DE-4413-9AC3-023A51B7D7C2}.Release|Any CPU.ActiveCfg = Release|Any CPU
		{3AA31945-78DE-4413-9AC3-023A51B7D7C2}.Release|Any CPU.Build.0 = Release|Any CPU
	EndGlobalSection
	GlobalSection(SolutionProperties) = preSolution
		HideSolutionNode = FALSE
	EndGlobalSection
	GlobalSection(ExtensibilityGlobals) = postSolution
		SolutionGuid = {C1F9FEF3-D746-44A1-9BA7-2128F97C53E6}
	EndGlobalSection
EndGlobal
